// !$*UTF8*$!
{
	archiveVersion = 1;
	classes = {
	};
	objectVersion = 46;
	objects = {

/* Begin PBXBuildFile section */
		21448E641CDCFBAB00677345 /* ToggleMenu.gif in Resources */ = {isa = PBXBuildFile; fileRef = 21448E631CDCFBAB00677345 /* ToggleMenu.gif */; };
		21BC50691CDCC40800E85CB0 /* AppDelegate.swift in Sources */ = {isa = PBXBuildFile; fileRef = 21BC50681CDCC40800E85CB0 /* AppDelegate.swift */; };
		21BC506B1CDCC40800E85CB0 /* ViewController.swift in Sources */ = {isa = PBXBuildFile; fileRef = 21BC506A1CDCC40800E85CB0 /* ViewController.swift */; };
		21BC506E1CDCC40800E85CB0 /* Main.storyboard in Resources */ = {isa = PBXBuildFile; fileRef = 21BC506C1CDCC40800E85CB0 /* Main.storyboard */; };
		21BC50701CDCC40800E85CB0 /* Assets.xcassets in Resources */ = {isa = PBXBuildFile; fileRef = 21BC506F1CDCC40800E85CB0 /* Assets.xcassets */; };
		21BC50731CDCC40800E85CB0 /* LaunchScreen.storyboard in Resources */ = {isa = PBXBuildFile; fileRef = 21BC50711CDCC40800E85CB0 /* LaunchScreen.storyboard */; };
		21BC50971CDCC7B700E85CB0 /* MenuToggle.swift in Sources */ = {isa = PBXBuildFile; fileRef = 21BC50961CDCC7B700E85CB0 /* MenuToggle.swift */; };
		21BC50991CDCCBFD00E85CB0 /* README.md in Sources */ = {isa = PBXBuildFile; fileRef = 21BC50981CDCCBFD00E85CB0 /* README.md */; };
/* End PBXBuildFile section */

/* Begin PBXFileReference section */
		21448E631CDCFBAB00677345 /* ToggleMenu.gif */ = {isa = PBXFileReference; lastKnownFileType = image.gif; path = ToggleMenu.gif; sourceTree = "<group>"; };
		21BC50651CDCC40800E85CB0 /* MenuToggle.app */ = {isa = PBXFileReference; explicitFileType = wrapper.application; includeInIndex = 0; path = MenuToggle.app; sourceTree = BUILT_PRODUCTS_DIR; };
		21BC50681CDCC40800E85CB0 /* AppDelegate.swift */ = {isa = PBXFileReference; lastKnownFileType = sourcecode.swift; path = AppDelegate.swift; sourceTree = "<group>"; };
		21BC506A1CDCC40800E85CB0 /* ViewController.swift */ = {isa = PBXFileReference; lastKnownFileType = sourcecode.swift; path = ViewController.swift; sourceTree = "<group>"; };
		21BC506D1CDCC40800E85CB0 /* Base */ = {isa = PBXFileReference; lastKnownFileType = file.storyboard; name = Base; path = Base.lproj/Main.storyboard; sourceTree = "<group>"; };
		21BC506F1CDCC40800E85CB0 /* Assets.xcassets */ = {isa = PBXFileReference; lastKnownFileType = folder.assetcatalog; path = Assets.xcassets; sourceTree = "<group>"; };
		21BC50721CDCC40800E85CB0 /* Base */ = {isa = PBXFileReference; lastKnownFileType = file.storyboard; name = Base; path = Base.lproj/LaunchScreen.storyboard; sourceTree = "<group>"; };
		21BC50741CDCC40800E85CB0 /* Info.plist */ = {isa = PBXFileReference; lastKnownFileType = text.plist.xml; path = Info.plist; sourceTree = "<group>"; };
		21BC50961CDCC7B700E85CB0 /* MenuToggle.swift */ = {isa = PBXFileReference; fileEncoding = 4; lastKnownFileType = sourcecode.swift; path = MenuToggle.swift; sourceTree = "<group>"; };
		21BC50981CDCCBFD00E85CB0 /* README.md */ = {isa = PBXFileReference; fileEncoding = 4; lastKnownFileType = net.daringfireball.markdown; path = README.md; sourceTree = "<group>"; };
/* End PBXFileReference section */

/* Begin PBXFrameworksBuildPhase section */
		21BC50621CDCC40800E85CB0 /* Frameworks */ = {
			isa = PBXFrameworksBuildPhase;
			buildActionMask = 2147483647;
			files = (
			);
			runOnlyForDeploymentPostprocessing = 0;
		};
/* End PBXFrameworksBuildPhase section */

/* Begin PBXGroup section */
		21BC505C1CDCC40800E85CB0 = {
			isa = PBXGroup;
			children = (
				21448E631CDCFBAB00677345 /* ToggleMenu.gif */,
				21BC50981CDCCBFD00E85CB0 /* README.md */,
				21BC50671CDCC40800E85CB0 /* MenuToggle */,
				21BC50661CDCC40800E85CB0 /* Products */,
			);
			sourceTree = "<group>";
		};
		21BC50661CDCC40800E85CB0 /* Products */ = {
			isa = PBXGroup;
			children = (
				21BC50651CDCC40800E85CB0 /* MenuToggle.app */,
			);
			name = Products;
			sourceTree = "<group>";
		};
		21BC50671CDCC40800E85CB0 /* MenuToggle */ = {
			isa = PBXGroup;
			children = (
				21BC50681CDCC40800E85CB0 /* AppDelegate.swift */,
				21BC506A1CDCC40800E85CB0 /* ViewController.swift */,
				21BC506C1CDCC40800E85CB0 /* Main.storyboard */,
				21BC50961CDCC7B700E85CB0 /* MenuToggle.swift */,
				21BC506F1CDCC40800E85CB0 /* Assets.xcassets */,
				21BC50711CDCC40800E85CB0 /* LaunchScreen.storyboard */,
				21BC50741CDCC40800E85CB0 /* Info.plist */,
			);
			path = MenuToggle;
			sourceTree = "<group>";
		};
/* End PBXGroup section */

/* Begin PBXNativeTarget section */
		21BC50641CDCC40800E85CB0 /* MenuToggle */ = {
			isa = PBXNativeTarget;
			buildConfigurationList = 21BC508D1CDCC40900E85CB0 /* Build configuration list for PBXNativeTarget "MenuToggle" */;
			buildPhases = (
				21BC50611CDCC40800E85CB0 /* Sources */,
				21BC50621CDCC40800E85CB0 /* Frameworks */,
				21BC50631CDCC40800E85CB0 /* Resources */,
			);
			buildRules = (
			);
			dependencies = (
			);
			name = MenuToggle;
			productName = MenuToggle;
			productReference = 21BC50651CDCC40800E85CB0 /* MenuToggle.app */;
			productType = "com.apple.product-type.application";
		};
/* End PBXNativeTarget section */

/* Begin PBXProject section */
		21BC505D1CDCC40800E85CB0 /* Project object */ = {
			isa = PBXProject;
			attributes = {
				LastSwiftUpdateCheck = 0730;
				LastUpgradeCheck = 0730;
				ORGANIZATIONNAME = Stav1;
				TargetAttributes = {
					21BC50641CDCC40800E85CB0 = {
						CreatedOnToolsVersion = 7.3;
					};
				};
			};
			buildConfigurationList = 21BC50601CDCC40800E85CB0 /* Build configuration list for PBXProject "MenuToggle" */;
			compatibilityVersion = "Xcode 3.2";
			developmentRegion = English;
			hasScannedForEncodings = 0;
			knownRegions = (
				en,
				Base,
			);
			mainGroup = 21BC505C1CDCC40800E85CB0;
			productRefGroup = 21BC50661CDCC40800E85CB0 /* Products */;
			projectDirPath = "";
			projectRoot = "";
			targets = (
				21BC50641CDCC40800E85CB0 /* MenuToggle */,
			);
		};
/* End PBXProject section */

/* Begin PBXResourcesBuildPhase section */
		21BC50631CDCC40800E85CB0 /* Resources */ = {
			isa = PBXResourcesBuildPhase;
			buildActionMask = 2147483647;
			files = (
				21BC50731CDCC40800E85CB0 /* LaunchScreen.storyboard in Resources */,
				21BC50701CDCC40800E85CB0 /* Assets.xcassets in Resources */,
				21448E641CDCFBAB00677345 /* ToggleMenu.gif in Resources */,
				21BC506E1CDCC40800E85CB0 /* Main.storyboard in Resources */,
			);
			runOnlyForDeploymentPostprocessing = 0;
		};
/* End PBXResourcesBuildPhase section */

/* Begin PBXSourcesBuildPhase section */
		21BC50611CDCC40800E85CB0 /* Sources */ = {
			isa = PBXSourcesBuildPhase;
			buildActionMask = 2147483647;
			files = (
				21BC506B1CDCC40800E85CB0 /* ViewController.swift in Sources */,
				21BC50691CDCC40800E85CB0 /* AppDelegate.swift in Sources */,
				21BC50991CDCCBFD00E85CB0 /* README.md in Sources */,
				21BC50971CDCC7B700E85CB0 /* MenuToggle.swift in Sources */,
			);
			runOnlyForDeploymentPostprocessing = 0;
		};
/* End PBXSourcesBuildPhase section */

/* Begin PBXVariantGroup section */
		21BC506C1CDCC40800E85CB0 /* Main.storyboard */ = {
			isa = PBXVariantGroup;
			children = (
				21BC506D1CDCC40800E85CB0 /* Base */,
			);
			name = Main.storyboard;
			sourceTree = "<group>";
		};
		21BC50711CDCC40800E85CB0 /* LaunchScreen.storyboard */ = {
			isa = PBXVariantGroup;
			children = (
				21BC50721CDCC40800E85CB0 /* Base */,
			);
			name = LaunchScreen.storyboard;
			sourceTree = "<group>";
		};
/* End PBXVariantGroup section */

/* Begin XCBuildConfiguration section */
		21BC508B1CDCC40900E85CB0 /* Debug */ = {
			isa = XCBuildConfiguration;
			buildSettings = {
				ALWAYS_SEARCH_USER_PATHS = NO;
				CLANG_ANALYZER_NONNULL = YES;
				CLANG_CXX_LANGUAGE_STANDARD = "gnu++0x";
				CLANG_CXX_LIBRARY = "libc++";
				CLANG_ENABLE_MODULES = YES;
				CLANG_ENABLE_OBJC_ARC = YES;
				CLANG_WARN_BOOL_CONVERSION = YES;
				CLANG_WARN_CONSTANT_CONVERSION = YES;
				CLANG_WARN_DIRECT_OBJC_ISA_USAGE = YES_ERROR;
				CLANG_WARN_EMPTY_BODY = YES;
				CLANG_WARN_ENUM_CONVERSION = YES;
				CLANG_WARN_INT_CONVERSION = YES;
				CLANG_WARN_OBJC_ROOT_CLASS = YES_ERROR;
				CLANG_WARN_UNREACHABLE_CODE = YES;
				CLANG_WARN__DUPLICATE_METHOD_MATCH = YES;
				"CODE_SIGN_IDENTITY[sdk=iphoneos*]" = "iPhone Developer";
				COPY_PHASE_STRIP = NO;
				DEBUG_INFORMATION_FORMAT = dwarf;
				ENABLE_STRICT_OBJC_MSGSEND = YES;
				ENABLE_TESTABILITY = YES;
				GCC_C_LANGUAGE_STANDARD = gnu99;
				GCC_DYNAMIC_NO_PIC = NO;
				GCC_NO_COMMON_BLOCKS = YES;
				GCC_OPTIMIZATION_LEVEL = 0;
				GCC_PREPROCESSOR_DEFINITIONS = (
					"DEBUG=1",
					"$(inherited)",
				);
				GCC_WARN_64_TO_32_BIT_CONVERSION = YES;
				GCC_WARN_ABOUT_RETURN_TYPE = YES_ERROR;
				GCC_WARN_UNDECLARED_SELECTOR = YES;
				GCC_WARN_UNINITIALIZED_AUTOS = YES_AGGRESSIVE;
				GCC_WARN_UNUSED_FUNCTION = YES;
				GCC_WARN_UNUSED_VARIABLE = YES;
				IPHONEOS_DEPLOYMENT_TARGET = 9.3;
				MTL_ENABLE_DEBUG_INFO = YES;
				ONLY_ACTIVE_ARCH = YES;
				SDKROOT = iphoneos;
				SWIFT_OPTIMIZATION_LEVEL = "-Onone";
			};
			name = Debug;
		};
		21BC508C1CDCC40900E85CB0 /* Release */ = {
			isa = XCBuildConfiguration;
			buildSettings = {
				ALWAYS_SEARCH_USER_PATHS = NO;
				CLANG_ANALYZER_NONNULL = YES;
				CLANG_CXX_LANGUAGE_STANDARD = "gnu++0x";
				CLANG_CXX_LIBRARY = "libc++";
				CLANG_ENABLE_MODULES = YES;
				CLANG_ENABLE_OBJC_ARC = YES;
				CLANG_WARN_BOOL_CONVERSION = YES;
				CLANG_WARN_CONSTANT_CONVERSION = YES;
				CLANG_WARN_DIRECT_OBJC_ISA_USAGE = YES_ERROR;
				CLANG_WARN_EMPTY_BODY = YES;
				CLANG_WARN_ENUM_CONVERSION = YES;
				CLANG_WARN_INT_CONVERSION = YES;
				CLANG_WARN_OBJC_ROOT_CLASS = YES_ERROR;
				CLANG_WARN_UNREACHABLE_CODE = YES;
				CLANG_WARN__DUPLICATE_METHOD_MATCH = YES;
				"CODE_SIGN_IDENTITY[sdk=iphoneos*]" = "iPhone Developer";
				COPY_PHASE_STRIP = NO;
				DEBUG_INFORMATION_FORMAT = "dwarf-with-dsym";
				ENABLE_NS_ASSERTIONS = NO;
				ENABLE_STRICT_OBJC_MSGSEND = YES;
				GCC_C_LANGUAGE_STANDARD = gnu99;
				GCC_NO_COMMON_BLOCKS = YES;
				GCC_WARN_64_TO_32_BIT_CONVERSION = YES;
				GCC_WARN_ABOUT_RETURN_TYPE = YES_ERROR;
				GCC_WARN_UNDECLARED_SELECTOR = YES;
				GCC_WARN_UNINITIALIZED_AUTOS = YES_AGGRESSIVE;
				GCC_WARN_UNUSED_FUNCTION = YES;
				GCC_WARN_UNUSED_VARIABLE = YES;
				IPHONEOS_DEPLOYMENT_TARGET = 9.3;
				MTL_ENABLE_DEBUG_INFO = NO;
				SDKROOT = iphoneos;
				VALIDATE_PRODUCT = YES;
			};
			name = Release;
		};
		21BC508E1CDCC40900E85CB0 /* Debug */ = {
			isa = XCBuildConfiguration;
			buildSettings = {
				ASSETCATALOG_COMPILER_APPICON_NAME = AppIcon;
				INFOPLIST_FILE = MenuToggle/Info.plist;
				LD_RUNPATH_SEARCH_PATHS = "$(inherited) @executable_path/Frameworks";
				PRODUCT_BUNDLE_IDENTIFIER = org.Stav1.MenuToggle;
				PRODUCT_NAME = "$(TARGET_NAME)";
			};
			name = Debug;
		};
		21BC508F1CDCC40900E85CB0 /* Release */ = {
			isa = XCBuildConfiguration;
			buildSettings = {
				ASSETCATALOG_COMPILER_APPICON_NAME = AppIcon;
				INFOPLIST_FILE = MenuToggle/Info.plist;
				LD_RUNPATH_SEARCH_PATHS = "$(inherited) @executable_path/Frameworks";
				PRODUCT_BUNDLE_IDENTIFIER = org.Stav1.MenuToggle;
				PRODUCT_NAME = "$(TARGET_NAME)";
			};
			name = Release;
		};
/* End XCBuildConfiguration section */

/* Begin XCConfigurationList section */
		21BC50601CDCC40800E85CB0 /* Build configuration list for PBXProject "MenuToggle" */ = {
			isa = XCConfigurationList;
			buildConfigurations = (
				21BC508B1CDCC40900E85CB0 /* Debug */,
				21BC508C1CDCC40900E85CB0 /* Release */,
			);
			defaultConfigurationIsVisible = 0;
			defaultConfigurationName = Release;
		};
		21BC508D1CDCC40900E85CB0 /* Build configuration list for PBXNativeTarget "MenuToggle" */ = {
			isa = XCConfigurationList;
			buildConfigurations = (
				21BC508E1CDCC40900E85CB0 /* Debug */,
				21BC508F1CDCC40900E85CB0 /* Release */,
			);
			defaultConfigurationIsVisible = 0;
			defaultConfigurationName = Release;
		};
/* End XCConfigurationList section */
	};
	rootObject = 21BC505D1CDCC40800E85CB0 /* Project object */;
}
